// !$*UTF8*$!
{
	archiveVersion = 1;
	classes = {
	};
	objectVersion = 55;
	objects = {

/* Begin PBXBuildFile section */
		36DBCE5B278833740016A093 /* pastDaysApp.swift in Sources */ = {isa = PBXBuildFile; fileRef = 36DBCE5A278833740016A093 /* pastDaysApp.swift */; };
		36DBCE5D278833740016A093 /* ContentView.swift in Sources */ = {isa = PBXBuildFile; fileRef = 36DBCE5C278833740016A093 /* ContentView.swift */; };
		36DBCE5F278833740016A093 /* Assets.xcassets in Resources */ = {isa = PBXBuildFile; fileRef = 36DBCE5E278833740016A093 /* Assets.xcassets */; };
		36DBCE62278833740016A093 /* Preview Assets.xcassets in Resources */ = {isa = PBXBuildFile; fileRef = 36DBCE61278833740016A093 /* Preview Assets.xcassets */; };
		36DBCE6C278833740016A093 /* pastDaysTests.swift in Sources */ = {isa = PBXBuildFile; fileRef = 36DBCE6B278833740016A093 /* pastDaysTests.swift */; };
		36DBCE76278833740016A093 /* pastDaysUITests.swift in Sources */ = {isa = PBXBuildFile; fileRef = 36DBCE75278833740016A093 /* pastDaysUITests.swift */; };
		36DBCE78278833740016A093 /* pastDaysUITestsLaunchTests.swift in Sources */ = {isa = PBXBuildFile; fileRef = 36DBCE77278833740016A093 /* pastDaysUITestsLaunchTests.swift */; };
		36DBCE85278833EF0016A093 /* IndexView.swift in Sources */ = {isa = PBXBuildFile; fileRef = 36DBCE84278833EF0016A093 /* IndexView.swift */; };
		36DBCE8927883E4D0016A093 /* Date+Extensions.swift in Sources */ = {isa = PBXBuildFile; fileRef = 36DBCE8827883E4D0016A093 /* Date+Extensions.swift */; };
/* End PBXBuildFile section */

/* Begin PBXContainerItemProxy section */
		36DBCE68278833740016A093 /* PBXContainerItemProxy */ = {
			isa = PBXContainerItemProxy;
			containerPortal = 36DBCE4F278833740016A093 /* Project object */;
			proxyType = 1;
			remoteGlobalIDString = 36DBCE56278833740016A093;
			remoteInfo = pastDays;
		};
		36DBCE72278833740016A093 /* PBXContainerItemProxy */ = {
			isa = PBXContainerItemProxy;
			containerPortal = 36DBCE4F278833740016A093 /* Project object */;
			proxyType = 1;
			remoteGlobalIDString = 36DBCE56278833740016A093;
			remoteInfo = pastDays;
		};
/* End PBXContainerItemProxy section */

/* Begin PBXFileReference section */
		36DBCE57278833740016A093 /* pastDays.app */ = {isa = PBXFileReference; explicitFileType = wrapper.application; includeInIndex = 0; path = pastDays.app; sourceTree = BUILT_PRODUCTS_DIR; };
		36DBCE5A278833740016A093 /* pastDaysApp.swift */ = {isa = PBXFileReference; lastKnownFileType = sourcecode.swift; path = pastDaysApp.swift; sourceTree = "<group>"; };
		36DBCE5C278833740016A093 /* ContentView.swift */ = {isa = PBXFileReference; lastKnownFileType = sourcecode.swift; path = ContentView.swift; sourceTree = "<group>"; };
		36DBCE5E278833740016A093 /* Assets.xcassets */ = {isa = PBXFileReference; lastKnownFileType = folder.assetcatalog; path = Assets.xcassets; sourceTree = "<group>"; };
		36DBCE61278833740016A093 /* Preview Assets.xcassets */ = {isa = PBXFileReference; lastKnownFileType = folder.assetcatalog; path = "Preview Assets.xcassets"; sourceTree = "<group>"; };
		36DBCE67278833740016A093 /* pastDaysTests.xctest */ = {isa = PBXFileReference; explicitFileType = wrapper.cfbundle; includeInIndex = 0; path = pastDaysTests.xctest; sourceTree = BUILT_PRODUCTS_DIR; };
		36DBCE6B278833740016A093 /* pastDaysTests.swift */ = {isa = PBXFileReference; lastKnownFileType = sourcecode.swift; path = pastDaysTests.swift; sourceTree = "<group>"; };
		36DBCE71278833740016A093 /* pastDaysUITests.xctest */ = {isa = PBXFileReference; explicitFileType = wrapper.cfbundle; includeInIndex = 0; path = pastDaysUITests.xctest; sourceTree = BUILT_PRODUCTS_DIR; };
		36DBCE75278833740016A093 /* pastDaysUITests.swift */ = {isa = PBXFileReference; lastKnownFileType = sourcecode.swift; path = pastDaysUITests.swift; sourceTree = "<group>"; };
		36DBCE77278833740016A093 /* pastDaysUITestsLaunchTests.swift */ = {isa = PBXFileReference; lastKnownFileType = sourcecode.swift; path = pastDaysUITestsLaunchTests.swift; sourceTree = "<group>"; };
		36DBCE84278833EF0016A093 /* IndexView.swift */ = {isa = PBXFileReference; lastKnownFileType = sourcecode.swift; path = IndexView.swift; sourceTree = "<group>"; };
		36DBCE8827883E4D0016A093 /* Date+Extensions.swift */ = {isa = PBXFileReference; lastKnownFileType = sourcecode.swift; path = "Date+Extensions.swift"; sourceTree = "<group>"; };
		36DBCE8A2789C7950016A093 /* README.md */ = {isa = PBXFileReference; lastKnownFileType = net.daringfireball.markdown; path = README.md; sourceTree = "<group>"; };
/* End PBXFileReference section */

/* Begin PBXFrameworksBuildPhase section */
		36DBCE54278833740016A093 /* Frameworks */ = {
			isa = PBXFrameworksBuildPhase;
			buildActionMask = 2147483647;
			files = (
			);
			runOnlyForDeploymentPostprocessing = 0;
		};
		36DBCE64278833740016A093 /* Frameworks */ = {
			isa = PBXFrameworksBuildPhase;
			buildActionMask = 2147483647;
			files = (
			);
			runOnlyForDeploymentPostprocessing = 0;
		};
		36DBCE6E278833740016A093 /* Frameworks */ = {
			isa = PBXFrameworksBuildPhase;
			buildActionMask = 2147483647;
			files = (
			);
			runOnlyForDeploymentPostprocessing = 0;
		};
/* End PBXFrameworksBuildPhase section */

/* Begin PBXGroup section */
		36DBCE4E278833740016A093 = {
			isa = PBXGroup;
			children = (
				36DBCE8A2789C7950016A093 /* README.md */,
				36DBCE59278833740016A093 /* pastDays */,
				36DBCE6A278833740016A093 /* pastDaysTests */,
				36DBCE74278833740016A093 /* pastDaysUITests */,
				36DBCE58278833740016A093 /* Products */,
			);
			sourceTree = "<group>";
		};
		36DBCE58278833740016A093 /* Products */ = {
			isa = PBXGroup;
			children = (
				36DBCE57278833740016A093 /* pastDays.app */,
				36DBCE67278833740016A093 /* pastDaysTests.xctest */,
				36DBCE71278833740016A093 /* pastDaysUITests.xctest */,
			);
			name = Products;
			sourceTree = "<group>";
		};
		36DBCE59278833740016A093 /* pastDays */ = {
			isa = PBXGroup;
			children = (
				36DBCE8727883D210016A093 /* Extensions */,
				36DBCE86278833FE0016A093 /* Views */,
				36DBCE5A278833740016A093 /* pastDaysApp.swift */,
				36DBCE5E278833740016A093 /* Assets.xcassets */,
				36DBCE60278833740016A093 /* Preview Content */,
			);
			path = pastDays;
			sourceTree = "<group>";
		};
		36DBCE60278833740016A093 /* Preview Content */ = {
			isa = PBXGroup;
			children = (
				36DBCE61278833740016A093 /* Preview Assets.xcassets */,
			);
			path = "Preview Content";
			sourceTree = "<group>";
		};
		36DBCE6A278833740016A093 /* pastDaysTests */ = {
			isa = PBXGroup;
			children = (
				36DBCE6B278833740016A093 /* pastDaysTests.swift */,
			);
			path = pastDaysTests;
			sourceTree = "<group>";
		};
		36DBCE74278833740016A093 /* pastDaysUITests */ = {
			isa = PBXGroup;
			children = (
				36DBCE75278833740016A093 /* pastDaysUITests.swift */,
				36DBCE77278833740016A093 /* pastDaysUITestsLaunchTests.swift */,
			);
			path = pastDaysUITests;
			sourceTree = "<group>";
		};
		36DBCE86278833FE0016A093 /* Views */ = {
			isa = PBXGroup;
			children = (
				36DBCE5C278833740016A093 /* ContentView.swift */,
				36DBCE84278833EF0016A093 /* IndexView.swift */,
			);
			path = Views;
			sourceTree = "<group>";
		};
		36DBCE8727883D210016A093 /* Extensions */ = {
			isa = PBXGroup;
			children = (
				36DBCE8827883E4D0016A093 /* Date+Extensions.swift */,
			);
			path = Extensions;
			sourceTree = "<group>";
		};
/* End PBXGroup section */

/* Begin PBXNativeTarget section */
		36DBCE56278833740016A093 /* pastDays */ = {
			isa = PBXNativeTarget;
			buildConfigurationList = 36DBCE7B278833740016A093 /* Build configuration list for PBXNativeTarget "pastDays" */;
			buildPhases = (
				36DBCE53278833740016A093 /* Sources */,
				36DBCE54278833740016A093 /* Frameworks */,
				36DBCE55278833740016A093 /* Resources */,
			);
			buildRules = (
			);
			dependencies = (
			);
			name = pastDays;
			productName = pastDays;
			productReference = 36DBCE57278833740016A093 /* pastDays.app */;
			productType = "com.apple.product-type.application";
		};
		36DBCE66278833740016A093 /* pastDaysTests */ = {
			isa = PBXNativeTarget;
			buildConfigurationList = 36DBCE7E278833740016A093 /* Build configuration list for PBXNativeTarget "pastDaysTests" */;
			buildPhases = (
				36DBCE63278833740016A093 /* Sources */,
				36DBCE64278833740016A093 /* Frameworks */,
				36DBCE65278833740016A093 /* Resources */,
			);
			buildRules = (
			);
			dependencies = (
				36DBCE69278833740016A093 /* PBXTargetDependency */,
			);
			name = pastDaysTests;
			productName = pastDaysTests;
			productReference = 36DBCE67278833740016A093 /* pastDaysTests.xctest */;
			productType = "com.apple.product-type.bundle.unit-test";
		};
		36DBCE70278833740016A093 /* pastDaysUITests */ = {
			isa = PBXNativeTarget;
			buildConfigurationList = 36DBCE81278833740016A093 /* Build configuration list for PBXNativeTarget "pastDaysUITests" */;
			buildPhases = (
				36DBCE6D278833740016A093 /* Sources */,
				36DBCE6E278833740016A093 /* Frameworks */,
				36DBCE6F278833740016A093 /* Resources */,
			);
			buildRules = (
			);
			dependencies = (
				36DBCE73278833740016A093 /* PBXTargetDependency */,
			);
			name = pastDaysUITests;
			productName = pastDaysUITests;
			productReference = 36DBCE71278833740016A093 /* pastDaysUITests.xctest */;
			productType = "com.apple.product-type.bundle.ui-testing";
		};
/* End PBXNativeTarget section */

/* Begin PBXProject section */
		36DBCE4F278833740016A093 /* Project object */ = {
			isa = PBXProject;
			attributes = {
				BuildIndependentTargetsInParallel = 1;
				LastSwiftUpdateCheck = 1310;
				LastUpgradeCheck = 1310;
				TargetAttributes = {
					36DBCE56278833740016A093 = {
						CreatedOnToolsVersion = 13.1;
					};
					36DBCE66278833740016A093 = {
						CreatedOnToolsVersion = 13.1;
						TestTargetID = 36DBCE56278833740016A093;
					};
					36DBCE70278833740016A093 = {
						CreatedOnToolsVersion = 13.1;
						TestTargetID = 36DBCE56278833740016A093;
					};
				};
			};
			buildConfigurationList = 36DBCE52278833740016A093 /* Build configuration list for PBXProject "pastDays" */;
			compatibilityVersion = "Xcode 13.0";
			developmentRegion = en;
			hasScannedForEncodings = 0;
			knownRegions = (
				en,
				Base,
			);
			mainGroup = 36DBCE4E278833740016A093;
			productRefGroup = 36DBCE58278833740016A093 /* Products */;
			projectDirPath = "";
			projectRoot = "";
			targets = (
				36DBCE56278833740016A093 /* pastDays */,
				36DBCE66278833740016A093 /* pastDaysTests */,
				36DBCE70278833740016A093 /* pastDaysUITests */,
			);
		};
/* End PBXProject section */

/* Begin PBXResourcesBuildPhase section */
		36DBCE55278833740016A093 /* Resources */ = {
			isa = PBXResourcesBuildPhase;
			buildActionMask = 2147483647;
			files = (
				36DBCE62278833740016A093 /* Preview Assets.xcassets in Resources */,
				36DBCE5F278833740016A093 /* Assets.xcassets in Resources */,
			);
			runOnlyForDeploymentPostprocessing = 0;
		};
		36DBCE65278833740016A093 /* Resources */ = {
			isa = PBXResourcesBuildPhase;
			buildActionMask = 2147483647;
			files = (
			);
			runOnlyForDeploymentPostprocessing = 0;
		};
		36DBCE6F278833740016A093 /* Resources */ = {
			isa = PBXResourcesBuildPhase;
			buildActionMask = 2147483647;
			files = (
			);
			runOnlyForDeploymentPostprocessing = 0;
		};
/* End PBXResourcesBuildPhase section */

/* Begin PBXSourcesBuildPhase section */
		36DBCE53278833740016A093 /* Sources */ = {
			isa = PBXSourcesBuildPhase;
			buildActionMask = 2147483647;
			files = (
				36DBCE5D278833740016A093 /* ContentView.swift in Sources */,
				36DBCE8927883E4D0016A093 /* Date+Extensions.swift in Sources */,
				36DBCE85278833EF0016A093 /* IndexView.swift in Sources */,
				36DBCE5B278833740016A093 /* pastDaysApp.swift in Sources */,
			);
			runOnlyForDeploymentPostprocessing = 0;
		};
		36DBCE63278833740016A093 /* Sources */ = {
			isa = PBXSourcesBuildPhase;
			buildActionMask = 2147483647;
			files = (
				36DBCE6C278833740016A093 /* pastDaysTests.swift in Sources */,
			);
			runOnlyForDeploymentPostprocessing = 0;
		};
		36DBCE6D278833740016A093 /* Sources */ = {
			isa = PBXSourcesBuildPhase;
			buildActionMask = 2147483647;
			files = (
				36DBCE78278833740016A093 /* pastDaysUITestsLaunchTests.swift in Sources */,
				36DBCE76278833740016A093 /* pastDaysUITests.swift in Sources */,
			);
			runOnlyForDeploymentPostprocessing = 0;
		};
/* End PBXSourcesBuildPhase section */

/* Begin PBXTargetDependency section */
		36DBCE69278833740016A093 /* PBXTargetDependency */ = {
			isa = PBXTargetDependency;
			target = 36DBCE56278833740016A093 /* pastDays */;
			targetProxy = 36DBCE68278833740016A093 /* PBXContainerItemProxy */;
		};
		36DBCE73278833740016A093 /* PBXTargetDependency */ = {
			isa = PBXTargetDependency;
			target = 36DBCE56278833740016A093 /* pastDays */;
			targetProxy = 36DBCE72278833740016A093 /* PBXContainerItemProxy */;
		};
/* End PBXTargetDependency section */

/* Begin XCBuildConfiguration section */
		36DBCE79278833740016A093 /* Debug */ = {
			isa = XCBuildConfiguration;
			buildSettings = {
				ALWAYS_SEARCH_USER_PATHS = NO;
				CLANG_ANALYZER_NONNULL = YES;
				CLANG_ANALYZER_NUMBER_OBJECT_CONVERSION = YES_AGGRESSIVE;
				CLANG_CXX_LANGUAGE_STANDARD = "gnu++17";
				CLANG_CXX_LIBRARY = "libc++";
				CLANG_ENABLE_MODULES = YES;
				CLANG_ENABLE_OBJC_ARC = YES;
				CLANG_ENABLE_OBJC_WEAK = YES;
				CLANG_WARN_BLOCK_CAPTURE_AUTORELEASING = YES;
				CLANG_WARN_BOOL_CONVERSION = YES;
				CLANG_WARN_COMMA = YES;
				CLANG_WARN_CONSTANT_CONVERSION = YES;
				CLANG_WARN_DEPRECATED_OBJC_IMPLEMENTATIONS = YES;
				CLANG_WARN_DIRECT_OBJC_ISA_USAGE = YES_ERROR;
				CLANG_WARN_DOCUMENTATION_COMMENTS = YES;
				CLANG_WARN_EMPTY_BODY = YES;
				CLANG_WARN_ENUM_CONVERSION = YES;
				CLANG_WARN_INFINITE_RECURSION = YES;
				CLANG_WARN_INT_CONVERSION = YES;
				CLANG_WARN_NON_LITERAL_NULL_CONVERSION = YES;
				CLANG_WARN_OBJC_IMPLICIT_RETAIN_SELF = YES;
				CLANG_WARN_OBJC_LITERAL_CONVERSION = YES;
				CLANG_WARN_OBJC_ROOT_CLASS = YES_ERROR;
				CLANG_WARN_QUOTED_INCLUDE_IN_FRAMEWORK_HEADER = YES;
				CLANG_WARN_RANGE_LOOP_ANALYSIS = YES;
				CLANG_WARN_STRICT_PROTOTYPES = YES;
				CLANG_WARN_SUSPICIOUS_MOVE = YES;
				CLANG_WARN_UNGUARDED_AVAILABILITY = YES_AGGRESSIVE;
				CLANG_WARN_UNREACHABLE_CODE = YES;
				CLANG_WARN__DUPLICATE_METHOD_MATCH = YES;
				COPY_PHASE_STRIP = NO;
				DEBUG_INFORMATION_FORMAT = dwarf;
				ENABLE_STRICT_OBJC_MSGSEND = YES;
				ENABLE_TESTABILITY = YES;
				GCC_C_LANGUAGE_STANDARD = gnu11;
				GCC_DYNAMIC_NO_PIC = NO;
				GCC_NO_COMMON_BLOCKS = YES;
				GCC_OPTIMIZATION_LEVEL = 0;
				GCC_PREPROCESSOR_DEFINITIONS = (
					"DEBUG=1",
					"$(inherited)",
				);
				GCC_WARN_64_TO_32_BIT_CONVERSION = YES;
				GCC_WARN_ABOUT_RETURN_TYPE = YES_ERROR;
				GCC_WARN_UNDECLARED_SELECTOR = YES;
				GCC_WARN_UNINITIALIZED_AUTOS = YES_AGGRESSIVE;
				GCC_WARN_UNUSED_FUNCTION = YES;
				GCC_WARN_UNUSED_VARIABLE = YES;
				IPHONEOS_DEPLOYMENT_TARGET = 15.0;
				MTL_ENABLE_DEBUG_INFO = INCLUDE_SOURCE;
				MTL_FAST_MATH = YES;
				ONLY_ACTIVE_ARCH = YES;
				SDKROOT = iphoneos;
				SWIFT_ACTIVE_COMPILATION_CONDITIONS = DEBUG;
				SWIFT_OPTIMIZATION_LEVEL = "-Onone";
			};
			name = Debug;
		};
		36DBCE7A278833740016A093 /* Release */ = {
			isa = XCBuildConfiguration;
			buildSettings = {
				ALWAYS_SEARCH_USER_PATHS = NO;
				CLANG_ANALYZER_NONNULL = YES;
				CLANG_ANALYZER_NUMBER_OBJECT_CONVERSION = YES_AGGRESSIVE;
				CLANG_CXX_LANGUAGE_STANDARD = "gnu++17";
				CLANG_CXX_LIBRARY = "libc++";
				CLANG_ENABLE_MODULES = YES;
				CLANG_ENABLE_OBJC_ARC = YES;
				CLANG_ENABLE_OBJC_WEAK = YES;
				CLANG_WARN_BLOCK_CAPTURE_AUTORELEASING = YES;
				CLANG_WARN_BOOL_CONVERSION = YES;
				CLANG_WARN_COMMA = YES;
				CLANG_WARN_CONSTANT_CONVERSION = YES;
				CLANG_WARN_DEPRECATED_OBJC_IMPLEMENTATIONS = YES;
				CLANG_WARN_DIRECT_OBJC_ISA_USAGE = YES_ERROR;
				CLANG_WARN_DOCUMENTATION_COMMENTS = YES;
				CLANG_WARN_EMPTY_BODY = YES;
				CLANG_WARN_ENUM_CONVERSION = YES;
				CLANG_WARN_INFINITE_RECURSION = YES;
				CLANG_WARN_INT_CONVERSION = YES;
				CLANG_WARN_NON_LITERAL_NULL_CONVERSION = YES;
				CLANG_WARN_OBJC_IMPLICIT_RETAIN_SELF = YES;
				CLANG_WARN_OBJC_LITERAL_CONVERSION = YES;
				CLANG_WARN_OBJC_ROOT_CLASS = YES_ERROR;
				CLANG_WARN_QUOTED_INCLUDE_IN_FRAMEWORK_HEADER = YES;
				CLANG_WARN_RANGE_LOOP_ANALYSIS = YES;
				CLANG_WARN_STRICT_PROTOTYPES = YES;
				CLANG_WARN_SUSPICIOUS_MOVE = YES;
				CLANG_WARN_UNGUARDED_AVAILABILITY = YES_AGGRESSIVE;
				CLANG_WARN_UNREACHABLE_CODE = YES;
				CLANG_WARN__DUPLICATE_METHOD_MATCH = YES;
				COPY_PHASE_STRIP = NO;
				DEBUG_INFORMATION_FORMAT = "dwarf-with-dsym";
				ENABLE_NS_ASSERTIONS = NO;
				ENABLE_STRICT_OBJC_MSGSEND = YES;
				GCC_C_LANGUAGE_STANDARD = gnu11;
				GCC_NO_COMMON_BLOCKS = YES;
				GCC_WARN_64_TO_32_BIT_CONVERSION = YES;
				GCC_WARN_ABOUT_RETURN_TYPE = YES_ERROR;
				GCC_WARN_UNDECLARED_SELECTOR = YES;
				GCC_WARN_UNINITIALIZED_AUTOS = YES_AGGRESSIVE;
				GCC_WARN_UNUSED_FUNCTION = YES;
				GCC_WARN_UNUSED_VARIABLE = YES;
				IPHONEOS_DEPLOYMENT_TARGET = 15.0;
				MTL_ENABLE_DEBUG_INFO = NO;
				MTL_FAST_MATH = YES;
				SDKROOT = iphoneos;
				SWIFT_COMPILATION_MODE = wholemodule;
				SWIFT_OPTIMIZATION_LEVEL = "-O";
				VALIDATE_PRODUCT = YES;
			};
			name = Release;
		};
		36DBCE7C278833740016A093 /* Debug */ = {
			isa = XCBuildConfiguration;
			buildSettings = {
				ASSETCATALOG_COMPILER_APPICON_NAME = AppIcon;
				ASSETCATALOG_COMPILER_GLOBAL_ACCENT_COLOR_NAME = AccentColor;
				CODE_SIGN_STYLE = Automatic;
				CURRENT_PROJECT_VERSION = 1;
				DEVELOPMENT_ASSET_PATHS = "\"pastDays/Preview Content\"";
				ENABLE_PREVIEWS = YES;
				GENERATE_INFOPLIST_FILE = YES;
				INFOPLIST_KEY_UIApplicationSceneManifest_Generation = YES;
				INFOPLIST_KEY_UIApplicationSupportsIndirectInputEvents = YES;
				INFOPLIST_KEY_UILaunchScreen_Generation = YES;
				INFOPLIST_KEY_UISupportedInterfaceOrientations_iPad = "UIInterfaceOrientationPortrait UIInterfaceOrientationPortraitUpsideDown UIInterfaceOrientationLandscapeLeft UIInterfaceOrientationLandscapeRight";
				INFOPLIST_KEY_UISupportedInterfaceOrientations_iPhone = "UIInterfaceOrientationPortrait UIInterfaceOrientationLandscapeLeft UIInterfaceOrientationLandscapeRight";
				LD_RUNPATH_SEARCH_PATHS = (
					"$(inherited)",
					"@executable_path/Frameworks",
				);
				MARKETING_VERSION = 1.0;
				PRODUCT_BUNDLE_IDENTIFIER = com.hearvo.pastDays;
				PRODUCT_NAME = "$(TARGET_NAME)";
				SWIFT_EMIT_LOC_STRINGS = YES;
				SWIFT_VERSION = 5.0;
				TARGETED_DEVICE_FAMILY = "1,2";
			};
			name = Debug;
		};
		36DBCE7D278833740016A093 /* Release */ = {
			isa = XCBuildConfiguration;
			buildSettings = {
				ASSETCATALOG_COMPILER_APPICON_NAME = AppIcon;
				ASSETCATALOG_COMPILER_GLOBAL_ACCENT_COLOR_NAME = AccentColor;
				CODE_SIGN_STYLE = Automatic;
				CURRENT_PROJECT_VERSION = 1;
				DEVELOPMENT_ASSET_PATHS = "\"pastDays/Preview Content\"";
				ENABLE_PREVIEWS = YES;
				GENERATE_INFOPLIST_FILE = YES;
				INFOPLIST_KEY_UIApplicationSceneManifest_Generation = YES;
				INFOPLIST_KEY_UIApplicationSupportsIndirectInputEvents = YES;
				INFOPLIST_KEY_UILaunchScreen_Generation = YES;
				INFOPLIST_KEY_UISupportedInterfaceOrientations_iPad = "UIInterfaceOrientationPortrait UIInterfaceOrientationPortraitUpsideDown UIInterfaceOrientationLandscapeLeft UIInterfaceOrientationLandscapeRight";
				INFOPLIST_KEY_UISupportedInterfaceOrientations_iPhone = "UIInterfaceOrientationPortrait UIInterfaceOrientationLandscapeLeft UIInterfaceOrientationLandscapeRight";
				LD_RUNPATH_SEARCH_PATHS = (
					"$(inherited)",
					"@executable_path/Frameworks",
				);
				MARKETING_VERSION = 1.0;
				PRODUCT_BUNDLE_IDENTIFIER = com.hearvo.pastDays;
				PRODUCT_NAME = "$(TARGET_NAME)";
				SWIFT_EMIT_LOC_STRINGS = YES;
				SWIFT_VERSION = 5.0;
				TARGETED_DEVICE_FAMILY = "1,2";
			};
			name = Release;
		};
		36DBCE7F278833740016A093 /* Debug */ = {
			isa = XCBuildConfiguration;
			buildSettings = {
				ALWAYS_EMBED_SWIFT_STANDARD_LIBRARIES = YES;
				BUNDLE_LOADER = "$(TEST_HOST)";
				CODE_SIGN_STYLE = Automatic;
				CURRENT_PROJECT_VERSION = 1;
				GENERATE_INFOPLIST_FILE = YES;
				IPHONEOS_DEPLOYMENT_TARGET = 15.0;
				LD_RUNPATH_SEARCH_PATHS = (
					"$(inherited)",
					"@executable_path/Frameworks",
					"@loader_path/Frameworks",
				);
				MARKETING_VERSION = 1.0;
				PRODUCT_BUNDLE_IDENTIFIER = com.hearvo.pastDaysTests;
				PRODUCT_NAME = "$(TARGET_NAME)";
				SWIFT_EMIT_LOC_STRINGS = NO;
				SWIFT_VERSION = 5.0;
				TARGETED_DEVICE_FAMILY = "1,2";
				TEST_HOST = "$(BUILT_PRODUCTS_DIR)/pastDays.app/pastDays";
			};
			name = Debug;
		};
		36DBCE80278833740016A093 /* Release */ = {
			isa = XCBuildConfiguration;
			buildSettings = {
				ALWAYS_EMBED_SWIFT_STANDARD_LIBRARIES = YES;
				BUNDLE_LOADER = "$(TEST_HOST)";
				CODE_SIGN_STYLE = Automatic;
				CURRENT_PROJECT_VERSION = 1;
				GENERATE_INFOPLIST_FILE = YES;
				IPHONEOS_DEPLOYMENT_TARGET = 15.0;
				LD_RUNPATH_SEARCH_PATHS = (
					"$(inherited)",
					"@executable_path/Frameworks",
					"@loader_path/Frameworks",
				);
				MARKETING_VERSION = 1.0;
				PRODUCT_BUNDLE_IDENTIFIER = com.hearvo.pastDaysTests;
				PRODUCT_NAME = "$(TARGET_NAME)";
				SWIFT_EMIT_LOC_STRINGS = NO;
				SWIFT_VERSION = 5.0;
				TARGETED_DEVICE_FAMILY = "1,2";
				TEST_HOST = "$(BUILT_PRODUCTS_DIR)/pastDays.app/pastDays";
			};
			name = Release;
		};
		36DBCE82278833740016A093 /* Debug */ = {
			isa = XCBuildConfiguration;
			buildSettings = {
				ALWAYS_EMBED_SWIFT_STANDARD_LIBRARIES = YES;
				CODE_SIGN_STYLE = Automatic;
				CURRENT_PROJECT_VERSION = 1;
				GENERATE_INFOPLIST_FILE = YES;
				LD_RUNPATH_SEARCH_PATHS = (
					"$(inherited)",
					"@executable_path/Frameworks",
					"@loader_path/Frameworks",
				);
				MARKETING_VERSION = 1.0;
				PRODUCT_BUNDLE_IDENTIFIER = com.hearvo.pastDaysUITests;
				PRODUCT_NAME = "$(TARGET_NAME)";
				SWIFT_EMIT_LOC_STRINGS = NO;
				SWIFT_VERSION = 5.0;
				TARGETED_DEVICE_FAMILY = "1,2";
				TEST_TARGET_NAME = pastDays;
			};
			name = Debug;
		};
		36DBCE83278833740016A093 /* Release */ = {
			isa = XCBuildConfiguration;
			buildSettings = {
				ALWAYS_EMBED_SWIFT_STANDARD_LIBRARIES = YES;
				CODE_SIGN_STYLE = Automatic;
				CURRENT_PROJECT_VERSION = 1;
				GENERATE_INFOPLIST_FILE = YES;
				LD_RUNPATH_SEARCH_PATHS = (
					"$(inherited)",
					"@executable_path/Frameworks",
					"@loader_path/Frameworks",
				);
				MARKETING_VERSION = 1.0;
				PRODUCT_BUNDLE_IDENTIFIER = com.hearvo.pastDaysUITests;
				PRODUCT_NAME = "$(TARGET_NAME)";
				SWIFT_EMIT_LOC_STRINGS = NO;
				SWIFT_VERSION = 5.0;
				TARGETED_DEVICE_FAMILY = "1,2";
				TEST_TARGET_NAME = pastDays;
			};
			name = Release;
		};
/* End XCBuildConfiguration section */

/* Begin XCConfigurationList section */
		36DBCE52278833740016A093 /* Build configuration list for PBXProject "pastDays" */ = {
			isa = XCConfigurationList;
			buildConfigurations = (
				36DBCE79278833740016A093 /* Debug */,
				36DBCE7A278833740016A093 /* Release */,
			);
			defaultConfigurationIsVisible = 0;
			defaultConfigurationName = Release;
		};
		36DBCE7B278833740016A093 /* Build configuration list for PBXNativeTarget "pastDays" */ = {
			isa = XCConfigurationList;
			buildConfigurations = (
				36DBCE7C278833740016A093 /* Debug */,
				36DBCE7D278833740016A093 /* Release */,
			);
			defaultConfigurationIsVisible = 0;
			defaultConfigurationName = Release;
		};
		36DBCE7E278833740016A093 /* Build configuration list for PBXNativeTarget "pastDaysTests" */ = {
			isa = XCConfigurationList;
			buildConfigurations = (
				36DBCE7F278833740016A093 /* Debug */,
				36DBCE80278833740016A093 /* Release */,
			);
			defaultConfigurationIsVisible = 0;
			defaultConfigurationName = Release;
		};
		36DBCE81278833740016A093 /* Build configuration list for PBXNativeTarget "pastDaysUITests" */ = {
			isa = XCConfigurationList;
			buildConfigurations = (
				36DBCE82278833740016A093 /* Debug */,
				36DBCE83278833740016A093 /* Release */,
			);
			defaultConfigurationIsVisible = 0;
			defaultConfigurationName = Release;
		};
/* End XCConfigurationList section */
	};
	rootObject = 36DBCE4F278833740016A093 /* Project object */;
}
